
Microsoft Visual Studio Solution File, Format Version 12.00
# Visual Studio Version 16
VisualStudioVersion = 16.0.29905.134
MinimumVisualStudioVersion = 10.0.40219.1
Project("{FAE04EC0-301F-11D3-BF4B-00C04F79EFBC}") = "OShop Identity Server", "OShop Identity Server\OShop Identity Server.csproj", "{0742FC0D-1950-4F5E-8A3A-F3E1077556FC}"
EndProject
Global
	GlobalSection(SolutionConfigurationPlatforms) = preSolution
		Debug|Any CPU = Debug|Any CPU
		Release|Any CPU = Release|Any CPU
	EndGlobalSection
	GlobalSection(ProjectConfigurationPlatforms) = postSolution
		{0742FC0D-1950-4F5E-8A3A-F3E1077556FC}.Debug|Any CPU.ActiveCfg = Debug|Any CPU
		{0742FC0D-1950-4F5E-8A3A-F3E1077556FC}.Debug|Any CPU.Build.0 = Debug|Any CPU
		{0742FC0D-1950-4F5E-8A3A-F3E1077556FC}.Release|Any CPU.ActiveCfg = Release|Any CPU
		{0742FC0D-1950-4F5E-8A3A-F3E1077556FC}.Release|Any CPU.Build.0 = Release|Any CPU
	EndGlobalSection
	GlobalSection(SolutionProperties) = preSolution
		HideSolutionNode = FALSE
	EndGlobalSection
	GlobalSection(ExtensibilityGlobals) = postSolution
		SolutionGuid = {085C053E-F14C-4E83-8E56-B0E0A79CD0F7}
	EndGlobalSection
EndGlobal
